
Microsoft Visual Studio Solution File, Format Version 12.00
# Visual Studio Version 17
VisualStudioVersion = 17.0.31903.59
MinimumVisualStudioVersion = 10.0.40219.1
Project("{2150E333-8FDC-42A3-9474-1A3956D46DE8}") = "src", "src", "{F6484712-7785-4C90-9E43-5CE0352CC92B}"
EndProject
Project("{FAE04EC0-301F-11D3-BF4B-00C04F79EFBC}") = "LUMEN.Core", "src\LUMEN.Core\LUMEN.Core.csproj", "{E82393E4-923D-4487-9DCD-333CFB5F27DA}"
EndProject
Project("{FAE04EC0-301F-11D3-BF4B-00C04F79EFBC}") = "LUMEN.Data", "src\LUMEN.Data\LUMEN.Data.csproj", "{854F2950-B295-42DC-AB07-31662788CAD3}"
EndProject
Project("{FAE04EC0-301F-11D3-BF4B-00C04F79EFBC}") = "LUMEN.Audio", "src\LUMEN.Audio\LUMEN.Audio.csproj", "{298CEA18-9A81-42E4-9618-C7E99FAF7D44}"
EndProject
Project("{FAE04EC0-301F-11D3-BF4B-00C04F79EFBC}") = "LUMEN.Game", "src\LUMEN.Game\LUMEN.Game.csproj", "{C89567F3-ABF4-4AEB-A16B-B31583212E5B}"
EndProject
Project("{FAE04EC0-301F-11D3-BF4B-00C04F79EFBC}") = "LUMEN.Tests", "src\LUMEN.Tests\LUMEN.Tests.csproj", "{6F63C9E2-7BE9-45A6-9F8E-A2AC05917740}"
EndProject
Global
	GlobalSection(SolutionConfigurationPlatforms) = preSolution
		Debug|Any CPU = Debug|Any CPU
		Release|Any CPU = Release|Any CPU
	EndGlobalSection
	GlobalSection(SolutionProperties) = preSolution
		HideSolutionNode = FALSE
	EndGlobalSection
	GlobalSection(ProjectConfigurationPlatforms) = postSolution
		{E82393E4-923D-4487-9DCD-333CFB5F27DA}.Debug|Any CPU.ActiveCfg = Debug|Any CPU
		{E82393E4-923D-4487-9DCD-333CFB5F27DA}.Debug|Any CPU.Build.0 = Debug|Any CPU
		{E82393E4-923D-4487-9DCD-333CFB5F27DA}.Release|Any CPU.ActiveCfg = Release|Any CPU
		{E82393E4-923D-4487-9DCD-333CFB5F27DA}.Release|Any CPU.Build.0 = Release|Any CPU
		{854F2950-B295-42DC-AB07-31662788CAD3}.Debug|Any CPU.ActiveCfg = Debug|Any CPU
		{854F2950-B295-42DC-AB07-31662788CAD3}.Debug|Any CPU.Build.0 = Debug|Any CPU
		{854F2950-B295-42DC-AB07-31662788CAD3}.Release|Any CPU.ActiveCfg = Release|Any CPU
		{854F2950-B295-42DC-AB07-31662788CAD3}.Release|Any CPU.Build.0 = Release|Any CPU
		{298CEA18-9A81-42E4-9618-C7E99FAF7D44}.Debug|Any CPU.ActiveCfg = Debug|Any CPU
		{298CEA18-9A81-42E4-9618-C7E99FAF7D44}.Debug|Any CPU.Build.0 = Debug|Any CPU
		{298CEA18-9A81-42E4-9618-C7E99FAF7D44}.Release|Any CPU.ActiveCfg = Release|Any CPU
		{298CEA18-9A81-42E4-9618-C7E99FAF7D44}.Release|Any CPU.Build.0 = Release|Any CPU
		{C89567F3-ABF4-4AEB-A16B-B31583212E5B}.Debug|Any CPU.ActiveCfg = Debug|Any CPU
		{C89567F3-ABF4-4AEB-A16B-B31583212E5B}.Debug|Any CPU.Build.0 = Debug|Any CPU
		{C89567F3-ABF4-4AEB-A16B-B31583212E5B}.Release|Any CPU.ActiveCfg = Release|Any CPU
		{C89567F3-ABF4-4AEB-A16B-B31583212E5B}.Release|Any CPU.Build.0 = Release|Any CPU
		{6F63C9E2-7BE9-45A6-9F8E-A2AC05917740}.Debug|Any CPU.ActiveCfg = Debug|Any CPU
		{6F63C9E2-7BE9-45A6-9F8E-A2AC05917740}.Debug|Any CPU.Build.0 = Debug|Any CPU
		{6F63C9E2-7BE9-45A6-9F8E-A2AC05917740}.Release|Any CPU.ActiveCfg = Release|Any CPU
		{6F63C9E2-7BE9-45A6-9F8E-A2AC05917740}.Release|Any CPU.Build.0 = Release|Any CPU
	EndGlobalSection
	GlobalSection(NestedProjects) = preSolution
		{E82393E4-923D-4487-9DCD-333CFB5F27DA} = {F6484712-7785-4C90-9E43-5CE0352CC92B}
		{854F2950-B295-42DC-AB07-31662788CAD3} = {F6484712-7785-4C90-9E43-5CE0352CC92B}
		{298CEA18-9A81-42E4-9618-C7E99FAF7D44} = {F6484712-7785-4C90-9E43-5CE0352CC92B}
		{C89567F3-ABF4-4AEB-A16B-B31583212E5B} = {F6484712-7785-4C90-9E43-5CE0352CC92B}
		{6F63C9E2-7BE9-45A6-9F8E-A2AC05917740} = {F6484712-7785-4C90-9E43-5CE0352CC92B}
	EndGlobalSection
EndGlobal
